
Microsoft Visual Studio Solution File, Format Version 12.00
# Visual Studio 15
VisualStudioVersion = 15.0.26124.0
MinimumVisualStudioVersion = 15.0.26124.0
Project("{FAE04EC0-301F-11D3-BF4B-00C04F79EFBC}") = "UnityAop", "UnityAop\UnityAop.csproj", "{CE81C25F-47E1-4326-A8FE-B2489DD8B383}"
EndProject
Project("{FAE04EC0-301F-11D3-BF4B-00C04F79EFBC}") = "UnityAop.Tests", "UnityAop.Tests\UnityAop.Tests.csproj", "{4E365CD2-9641-4DFC-9A81-83714CC93175}"
EndProject
Global
	GlobalSection(SolutionConfigurationPlatforms) = preSolution
		Debug|Any CPU = Debug|Any CPU
		Debug|x64 = Debug|x64
		Debug|x86 = Debug|x86
		Release|Any CPU = Release|Any CPU
		Release|x64 = Release|x64
		Release|x86 = Release|x86
	EndGlobalSection
	GlobalSection(SolutionProperties) = preSolution
		HideSolutionNode = FALSE
	EndGlobalSection
	GlobalSection(ProjectConfigurationPlatforms) = postSolution
		{CE81C25F-47E1-4326-A8FE-B2489DD8B383}.Debug|Any CPU.ActiveCfg = Debug|Any CPU
		{CE81C25F-47E1-4326-A8FE-B2489DD8B383}.Debug|Any CPU.Build.0 = Debug|Any CPU
		{CE81C25F-47E1-4326-A8FE-B2489DD8B383}.Debug|x64.ActiveCfg = Debug|Any CPU
		{CE81C25F-47E1-4326-A8FE-B2489DD8B383}.Debug|x64.Build.0 = Debug|Any CPU
		{CE81C25F-47E1-4326-A8FE-B2489DD8B383}.Debug|x86.ActiveCfg = Debug|Any CPU
		{CE81C25F-47E1-4326-A8FE-B2489DD8B383}.Debug|x86.Build.0 = Debug|Any CPU
		{CE81C25F-47E1-4326-A8FE-B2489DD8B383}.Release|Any CPU.ActiveCfg = Release|Any CPU
		{CE81C25F-47E1-4326-A8FE-B2489DD8B383}.Release|Any CPU.Build.0 = Release|Any CPU
		{CE81C25F-47E1-4326-A8FE-B2489DD8B383}.Release|x64.ActiveCfg = Release|Any CPU
		{CE81C25F-47E1-4326-A8FE-B2489DD8B383}.Release|x64.Build.0 = Release|Any CPU
		{CE81C25F-47E1-4326-A8FE-B2489DD8B383}.Release|x86.ActiveCfg = Release|Any CPU
		{CE81C25F-47E1-4326-A8FE-B2489DD8B383}.Release|x86.Build.0 = Release|Any CPU
		{4E365CD2-9641-4DFC-9A81-83714CC93175}.Debug|Any CPU.ActiveCfg = Debug|Any CPU
		{4E365CD2-9641-4DFC-9A81-83714CC93175}.Debug|Any CPU.Build.0 = Debug|Any CPU
		{4E365CD2-9641-4DFC-9A81-83714CC93175}.Debug|x64.ActiveCfg = Debug|Any CPU
		{4E365CD2-9641-4DFC-9A81-83714CC93175}.Debug|x64.Build.0 = Debug|Any CPU
		{4E365CD2-9641-4DFC-9A81-83714CC93175}.Debug|x86.ActiveCfg = Debug|Any CPU
		{4E365CD2-9641-4DFC-9A81-83714CC93175}.Debug|x86.Build.0 = Debug|Any CPU
		{4E365CD2-9641-4DFC-9A81-83714CC93175}.Release|Any CPU.ActiveCfg = Release|Any CPU
		{4E365CD2-9641-4DFC-9A81-83714CC93175}.Release|Any CPU.Build.0 = Release|Any CPU
		{4E365CD2-9641-4DFC-9A81-83714CC93175}.Release|x64.ActiveCfg = Release|Any CPU
		{4E365CD2-9641-4DFC-9A81-83714CC93175}.Release|x64.Build.0 = Release|Any CPU
		{4E365CD2-9641-4DFC-9A81-83714CC93175}.Release|x86.ActiveCfg = Release|Any CPU
		{4E365CD2-9641-4DFC-9A81-83714CC93175}.Release|x86.Build.0 = Release|Any CPU
	EndGlobalSection
EndGlobal
